
Microsoft Visual Studio Solution File, Format Version 12.00
# Visual Studio Version 17
VisualStudioVersion = 17.11.35327.3
MinimumVisualStudioVersion = 10.0.40219.1
Project("{FAE04EC0-301F-11D3-BF4B-00C04F79EFBC}") = "ContentCreatorApp", "ContentCreatorApp\ContentCreatorApp.csproj", "{9B985F86-F79F-422C-86D9-664D57A82E57}"
EndProject
Global
	GlobalSection(SolutionConfigurationPlatforms) = preSolution
		Debug|Any CPU = Debug|Any CPU
		Release|Any CPU = Release|Any CPU
	EndGlobalSection
	GlobalSection(ProjectConfigurationPlatforms) = postSolution
		{9B985F86-F79F-422C-86D9-664D57A82E57}.Debug|Any CPU.ActiveCfg = Debug|Any CPU
		{9B985F86-F79F-422C-86D9-664D57A82E57}.Debug|Any CPU.Build.0 = Debug|Any CPU
		{9B985F86-F79F-422C-86D9-664D57A82E57}.Debug|Any CPU.Deploy.0 = Debug|Any CPU
		{9B985F86-F79F-422C-86D9-664D57A82E57}.Release|Any CPU.ActiveCfg = Release|Any CPU
		{9B985F86-F79F-422C-86D9-664D57A82E57}.Release|Any CPU.Build.0 = Release|Any CPU
		{9B985F86-F79F-422C-86D9-664D57A82E57}.Release|Any CPU.Deploy.0 = Release|Any CPU
	EndGlobalSection
	GlobalSection(SolutionProperties) = preSolution
		HideSolutionNode = FALSE
	EndGlobalSection
	GlobalSection(ExtensibilityGlobals) = postSolution
		SolutionGuid = {EBA46FD7-2E30-411A-8C69-FC44B4D5453C}
	EndGlobalSection
EndGlobal
